version = 1
revision = 3
requires-python = ">=3.12"

[[package]]
name = "asgiref"
version = "3.12.1"
source = { registry = "https://pypi.org/simple" }
sdist = { url = "https://files.pythonhosted.org/packages/e6/26/3b59f2bdae5f640389becb1f673cded775287f5fc4f816309d9ca9a3f93d/asgiref-3.12.1.tar.gz", hash = "sha256:59dcb51c272ad209d59bed5708a64a333083e86017d7fcdd67498eeab7784340", size = 42378, upload-time = "2026-07-14T09:56:18.087Z" }
wheels = [
    { url = "https://files.pythonhosted.org/packages/c0/1b/54f4ad77cd8a584fa70746c47df988e002cf1ee1eba43364d46f87803647/asgiref-3.12.1-py3-none-any.whl", hash = "sha256:fe386d1c2bff7259ea95929266d12a8cf9a8b5a1c2598402967d8792e7a7c094", size = 25478, upload-time = "2026-07-14T09:56:16.926Z" },
]

[[package]]
name = "django"
version = "6.1"
source = { registry = "https://pypi.org/simple" }
dependencies = [
    { name = "asgiref" },
    { name = "sqlparse" },
    { name = "tzdata", marker = "sys_platform == 'win32'" },
]
sdist = { url = "https://files.pythonhosted.org/packages/e2/42/6cb20996733984c1f6661daeda3877990836c76c633c6c8879d39f7120eb/django-6.1.tar.gz", hash = "sha256:86a2aacd59b817e4d6ac2ebfe22356c58f66f7b24e503f71b7c2fead677ee48b", size = 11223034, upload-time = "2026-08-05T19:21:53.789Z" }
wheels = [
    { url = "https://files.pythonhosted.org/packages/91/9c/ce847620134cfab903e75690c498af73b46abbede2912ea89bd76d5c1e76/django-6.1-py3-none-any.whl", hash = "sha256:6c132cd980c9392b06807d4ca52d72530d631dc65a85d9dacede00a780cefbbe", size = 8417399, upload-time = "2026-08-05T19:21:47.285Z" },
]

[[package]]
name = "household-chores-manager"
version = "0.1.0"
source = { virtual = "." }
dependencies = [
    { name = "django" },
]

[package.dev-dependencies]
dev = [
    { name = "time-machine" },
]

[package.metadata]
requires-dist = [{ name = "django", specifier = ">=6.1" }]

[package.metadata.requires-dev]
dev = [{ name = "time-machine", specifier = ">=3.5.0" }]

[[package]]
name = "sqlparse"
version = "0.6.0"
source = { registry = "https://pypi.org/simple" }
sdist = { url = "https://files.pythonhosted.org/packages/5f/d3/3f06a1006f2261d1342aefb3c71eed02f5d4ca5bdbecd86ebc12ad38306e/sqlparse-0.6.0.tar.gz", hash = "sha256:113c35c75365ab9cc9c7231d68c6428fb11c085fc8e9eb1ad659b7ddbf6cd2b9", size = 178477, upload-time = "2026-08-13T19:16:06.396Z" }
wheels = [
    { url = "https://files.pythonhosted.org/packages/d9/50/f00935da0ec7cbf325f8dc4f772ae46fbc7b672dd62876e73f0a94adda57/sqlparse-0.6.0-py3-none-any.whl", hash = "sha256:b861c0288ce2fa56209a9a6412d2e066ac664b3873b89c26c9d8415e8e32996f", size = 50070, upload-time = "2026-08-13T19:16:04.062Z" },
]

[[package]]
name = "time-machine"
version = "3.5.0"
source = { registry = "https://pypi.org/simple" }
sdist = { url = "https://files.pythonhosted.org/packages/e3/1a/d9c82e780ac6c41102d50b30c3fb3c25a3b8dd46f807147462d1f4429171/time_machine-3.5.0.tar.gz", hash = "sha256:bc193985b43f15394cfded976efaf9068c3078a2135f42f81c874ba684720eae", size = 25692, upload-time = "2026-08-25T00:18:32.594Z" }
wheels = [
    { url = "https://files.pythonhosted.org/packages/ba/fe/7719438b331df5a4b44740da046ad4919f2d19cf6ec8872425823368b404/time_machine-3.5.0-cp312-cp312-macosx_10_13_x86_64.whl", hash = "sha256:60baf021c396bc07b3403f96bbc06a2ed977dd42e1d942fc29edd6575ff6c601", size = 25708, upload-time = "2026-08-25T00:17:41.725Z" },
    { url = "https://files.pythonhosted.org/packages/68/e6/8acacd366d94a19f02011ce2af4821315c59af8b868220543096c1a70375/time_machine-3.5.0-cp312-cp312-macosx_11_0_arm64.whl", hash = "sha256:cdfd042a4b71fd2687eb16070db3d24e652c147d132a66e1756ac932f2f2bfdb", size = 25888, upload-time = "2026-08-25T00:17:42.783Z" },
    { url = "https://files.pythonhosted.org/packages/62/20/1cbce3bc36438730c945d6a3990f9de0ab07af1ad1cf9b6a399d0887e8ed/time_machine-3.5.0-cp312-cp312-manylinux1_x86_64.manylinux_2_28_x86_64.manylinux_2_5_x86_64.whl", hash = "sha256:2b0ec43f3f8eb0edb92637684cdc4309fa9ea09f8f78e5daec20c7d5c4bc0b2e", size = 57769, upload-time = "2026-08-25T00:17:43.712Z" },
    { url = "https://files.pythonhosted.org/packages/17/7a/a3dd6e0b8543cb559705af629fb73bbef753a8db31f7abe891d9c95ed7db/time_machine-3.5.0-cp312-cp312-manylinux2014_aarch64.manylinux_2_17_aarch64.manylinux_2_28_aarch64.whl", hash = "sha256:1962b3f01d979e3fe7d8ce1883bb841ef7f39be227776755e2f1f38d6d50b1dc", size = 58524, upload-time = "2026-08-25T00:17:44.724Z" },
    { url = "https://files.pythonhosted.org/packages/e0/5d/0e6dc3fc6c055d35e140a862e1e214833edd1ae565ea63e1249e7ed841b0/time_machine-3.5.0-cp312-cp312-musllinux_1_2_aarch64.whl", hash = "sha256:7523bc19dfd77243ff20361685dd8b1fe319389f7bce758cadc72fd51e4f9471", size = 57199, upload-time = "2026-08-25T00:17:45.802Z" },
    { url = "https://files.pythonhosted.org/packages/09/ac/79a13f1b16a40597e52214160ee79fbef2db00f39c8fb16dd3f9842d2ebf/time_machine-3.5.0-cp312-cp312-musllinux_1_2_x86_64.whl", hash = "sha256:8dd66efe1fe4740d1e789a3dc4121b593e0eaa1c3b9b75d6047033f9cc2263bc", size = 56917, upload-time = "2026-08-25T00:17:46.863Z" },
    { url = "https://files.pythonhosted.org/packages/55/fb/47c16256f63f654ba90fe3a757b251820cf335a47c4bc6031dc029a4fc1c/time_machine-3.5.0-cp312-cp312-win_amd64.whl", hash = "sha256:2e65738b7574877b45890f48d9abcf9c7e4f8100eee3dc58681015cb6e29f4f2", size = 27745, upload-time = "2026-08-25T00:17:47.881Z" },
    { url = "https://files.pythonhosted.org/packages/51/52/51125f0a27469ae55d2ad3529ab0213df92c13b21d2901da572967ad8c67/time_machine-3.5.0-cp312-cp312-win_arm64.whl", hash = "sha256:8e2ebbcb081269848617b65f2ea97e25532e44c9bc62190b5545196c34652d22", size = 26992, upload-time = "2026-08-25T00:17:48.877Z" },
    { url = "https://files.pythonhosted.org/packages/8a/dc/61669d9a3c95291de10486d36b24ca8af50dce17e8d624f9887208f484d1/time_machine-3.5.0-cp313-cp313-macosx_10_13_x86_64.whl", hash = "sha256:f01f0e0fa67ea501c4ea3bf5983234612fb5036ac32ddab092b09ead37715c7c", size = 25707, upload-time = "2026-08-25T00:17:49.791Z" },
    { url = "https://files.pythonhosted.org/packages/2c/a4/3f5a4286768dff89e2de8c9ebcb8765962f2ce00196865954f48132435ea/time_machine-3.5.0-cp313-cp313-macosx_11_0_arm64.whl", hash = "sha256:479abe218c4bc03e1acd1914f095a2351ca658db17e69e56b194f5fe2337b216", size = 25878, upload-time = "2026-08-25T00:17:50.881Z" },
    { url = "https://files.pythonhosted.org/packages/b3/ee/1cf35afb752519cd38a1aaf74617cde56c8417a6d235d26c9a650c74138f/time_machine-3.5.0-cp313-cp313-manylinux1_x86_64.manylinux_2_28_x86_64.manylinux_2_5_x86_64.whl", hash = "sha256:a625e2fd1e3b0dcc1479f559866a068a8c48c3ebe7a2c2093daef8e924ff1a7e", size = 57713, upload-time = "2026-08-25T00:17:52.036Z" },
    { url = "https://files.pythonhosted.org/packages/67/57/d9e3a30cad31fbbe17b81971984ae83121cf968e7583e36b8cf92f31e534/time_machine-3.5.0-cp313-cp313-manylinux2014_aarch64.manylinux_2_17_aarch64.manylinux_2_28_aarch64.whl", hash = "sha256:1c5624a6c3256182aaf1d15defcff782d6b0a12c8b2554191981bb59fe00954a", size = 58443, upload-time = "2026-08-25T00:17:53.074Z" },
    { url = "https://files.pythonhosted.org/packages/63/37/82035b221f3bd657f8ca1eb3e28a5a7865338d35331ccc06a0569b87c39a/time_machine-3.5.0-cp313-cp313-musllinux_1_2_aarch64.whl", hash = "sha256:27a2a399d500f03fafe185b4313d372098901bb66b839abf9fb1b981ffb85f44", size = 57122, upload-time = "2026-08-25T00:17:54.116Z" },
    { url = "https://files.pythonhosted.org/packages/93/ae/196922dd5af6b0b4ef650c02343f1276e4be5d98b2f83dfada5f79047cab/time_machine-3.5.0-cp313-cp313-musllinux_1_2_x86_64.whl", hash = "sha256:e5e0c69a871a6a03daf491421590671652fd299803c218a37af9551c15dc3e68", size = 56842, upload-time = "2026-08-25T00:17:55.219Z" },
    { url = "https://files.pythonhosted.org/packages/ad/d2/e6e055de97a1b4137bce620a44bd696c95d85f7621959e80e4a6a68c8265/time_machine-3.5.0-cp313-cp313-win_amd64.whl", hash = "sha256:e31e50fc71059e9669da03fcf84a7431c1b731203e27625e4852e35a72bfd16e", size = 27753, upload-time = "2026-08-25T00:17:56.275Z" },
    { url = "https://files.pythonhosted.org/packages/66/74/1fd21def4e95506209b1a10d756d3ca038828347730d4eaef2609d3813dc/time_machine-3.5.0-cp313-cp313-win_arm64.whl", hash = "sha256:ca4a49ef0c28bb8a31e6cb9ff4b6a392e515b8642b07f561369d5023e820c583", size = 26987, upload-time = "2026-08-25T00:17:57.225Z" },
    { url = "https://files.pythonhosted.org/packages/97/e4/f100f18682c0a4c2cdff7d90dbad96fc91d6629a2459502c2781e451c6f6/time_machine-3.5.0-cp314-cp314-macosx_10_15_x86_64.whl", hash = "sha256:408f1cd20c5e5546ad71c25398b4b8ca2cc698e9efa52cbf1a21160ca5607505", size = 25765, upload-time = "2026-08-25T00:17:58.187Z" },
    { url = "https://files.pythonhosted.org/packages/1e/0a/8a0c8cf3414b11f3c195df9c020bf393fab2e26f9a9973f16ae94e73d509/time_machine-3.5.0-cp314-cp314-macosx_11_0_arm64.whl", hash = "sha256:92726ff3240d30d67b054f307dbe9257026dd092ce742d2a59a1c74317d194f4", size = 25889, upload-time = "2026-08-25T00:17:59.142Z" },
    { url = "https://files.pythonhosted.org/packages/43/cd/84c4c7f51d0881182e348ea0e30a329bc284bb24d680d29e0123bbd35a16/time_machine-3.5.0-cp314-cp314-manylinux1_x86_64.manylinux_2_28_x86_64.manylinux_2_5_x86_64.whl", hash = "sha256:5dfab29d9d54bb073d5a7c4ed155d56964f6afb7726ead00003aee9f77d5e561", size = 57752, upload-time = "2026-08-25T00:18:00.111Z" },
    { url = "https://files.pythonhosted.org/packages/09/b6/a72ab775f6656cc746b6f2cdbbf7740772f7805fc3d99acde6be3112cd63/time_machine-3.5.0-cp314-cp314-manylinux2014_aarch64.manylinux_2_17_aarch64.manylinux_2_28_aarch64.whl", hash = "sha256:1ac0ef9d1dd64de23ba8b716c2321137c18d4b3d4229b33b494a889a47d82b35", size = 58547, upload-time = "2026-08-25T00:18:01.154Z" },
    { url = "https://files.pythonhosted.org/packages/0f/5c/bf25aab5688a29bfde2682d44d2a6ba6627d7ff9b26acb6893f1f71f4dfa/time_machine-3.5.0-cp314-cp314-musllinux_1_2_aarch64.whl", hash = "sha256:6ba9a85d7b2a25e758337e3aebbd489f1578baad6ef3ad7b50e2e6ef47c52d26", size = 57183, upload-time = "2026-08-25T00:18:02.169Z" },
    { url = "https://files.pythonhosted.org/packages/97/3c/e4ae4520b49d684bac5a0404d7ae072e46d71f0a859e7abe43141db4eb65/time_machine-3.5.0-cp314-cp314-musllinux_1_2_x86_64.whl", hash = "sha256:d50d894be50d74fbcee13e53e20ced6c35336519efb1d20fa96ec97dd25e8063", size = 56895, upload-time = "2026-08-25T00:18:03.288Z" },
    { url = "https://files.pythonhosted.org/packages/89/2e/50940fb6a5d9f70f408b502fb4a492436924cceb283080ec3e1a9a531961/time_machine-3.5.0-cp314-cp314-win_amd64.whl", hash = "sha256:ea3b1a6189385ea65e2b68a96dc0599e2add900f8149900cc818eaddbe33ae32", size = 27995, upload-time = "2026-08-25T00:18:04.269Z" },
    { url = "https://files.pythonhosted.org/packages/ce/08/0e5fd740dbbd007d96196e6914c0768724ed4f68550c7692e18ce7b9d819/time_machine-3.5.0-cp314-cp314-win_arm64.whl", hash = "sha256:12747ede9dac2e67b3e707b7a55d8b532be26beebf534ae2370344fafedf2747", size = 27178, upload-time = "2026-08-25T00:18:05.246Z" },
    { url = "https://files.pythonhosted.org/packages/72/60/344e0174a1d923c2b8611a03546c432e0c52d785a6fc780a32f18e619353/time_machine-3.5.0-cp314-cp314t-macosx_10_15_x86_64.whl", hash = "sha256:d7f4145552b9e9c32548a5f56cb0e57cf760fb189651812d42dcddd9ea38d7c5", size = 26468, upload-time = "2026-08-25T00:18:06.281Z" },
    { url = "https://files.pythonhosted.org/packages/97/31/428d23f87a53a00d15cf0079756e74ca675bc43f318987b288e0edc0baa7/time_machine-3.5.0-cp314-cp314t-macosx_11_0_arm64.whl", hash = "sha256:2f2234fd57263fd60cd47e87afff24b4b41ff64bcf62a88fbdff9df96884e10f", size = 26709, upload-time = "2026-08-25T00:18:07.41Z" },
    { url = "https://files.pythonhosted.org/packages/0d/61/b88cc24cb437fca0971ca738841440148a841e37bf46c51f236de8ba4fb7/time_machine-3.5.0-cp314-cp314t-manylinux1_x86_64.manylinux_2_28_x86_64.manylinux_2_5_x86_64.whl", hash = "sha256:b9c01bdf00862e5f13554b45e75f9103a0e0ec9cc43c80d3e6283b23dfccbe79", size = 69081, upload-time = "2026-08-25T00:18:08.552Z" },
    { url = "https://files.pythonhosted.org/packages/64/7d/a4f6b7121f16cd0668f549c8896c2033361909431ddca5b504866809aa59/time_machine-3.5.0-cp314-cp314t-manylinux2014_aarch64.manylinux_2_17_aarch64.manylinux_2_28_aarch64.whl", hash = "sha256:ad1ca1aba7f0b52958646ef9f261123c04526218fcc85a041cc00caa7a0c510c", size = 71319, upload-time = "2026-08-25T00:18:09.799Z" },
    { url = "https://files.pythonhosted.org/packages/70/cc/96b68c16638936390f3afd939faee61d0e9a565813874e912b426c24d91c/time_machine-3.5.0-cp314-cp314t-musllinux_1_2_aarch64.whl", hash = "sha256:94c4baf87208eb5c1161dd6dbae6d1770c412c8a5a91c079f433912e050272d7", size = 69637, upload-time = "2026-08-25T00:18:10.836Z" },
    { url = "https://files.pythonhosted.org/packages/97/b3/5da9984647c59d50128b0e7d5f03f73c273645eef9fed9dd42531da4183c/time_machine-3.5.0-cp314-cp314t-musllinux_1_2_x86_64.whl", hash = "sha256:a610fa8487da78d4769dc77d04395cb7eaa8863a6907d58d0f142adba1c6b70f", size = 67643, upload-time = "2026-08-25T00:18:11.853Z" },
    { url = "https://files.pythonhosted.org/packages/23/67/344f3de8420ca7d8cbb2f67f3954ed1cbec41845c419a6895f5b406f6687/time_machine-3.5.0-cp314-cp314t-win_amd64.whl", hash = "sha256:605f7c050b05c41dc7c59db26c0df031d40cc5e1d16e411efb1bd3849f9b5ca6", size = 29114, upload-time = "2026-08-25T00:18:12.891Z" },
    { url = "https://files.pythonhosted.org/packages/91/94/a0bb05794e5ebd0fc2b66aaf92c503365b19a63e09a9cb40de8cf42af8f1/time_machine-3.5.0-cp314-cp314t-win_arm64.whl", hash = "sha256:f9bde363fb659e478d0ce95d5ef7e5b91b4fd77a542ee1ba6e611bfd44ba0bd8", size = 27530, upload-time = "2026-08-25T00:18:13.873Z" },
    { url = "https://files.pythonhosted.org/packages/67/99/dfe5115f8e26838c8e7f3cbe89ef1a1af58df3fb44a6603dcaaca1cc686c/time_machine-3.5.0-cp315-cp315-macosx_10_15_x86_64.whl", hash = "sha256:ed8ad24ea16263f2aa5fd65e172489e31dd18c27da9f9c5aacf0f13a7b1f33ae", size = 25767, upload-time = "2026-08-25T00:18:15.429Z" },
    { url = "https://files.pythonhosted.org/packages/7e/79/efc28c06a78bdaffb165fd6e6389dc9afe6b5edfdec4f415e7fd32b252e3/time_machine-3.5.0-cp315-cp315-macosx_11_0_arm64.whl", hash = "sha256:618a3690c5d30c0c815f589c3f2625825d62b4e94f67b390c6f434dd489eae6d", size = 25893, upload-time = "2026-08-25T00:18:16.514Z" },
    { url = "https://files.pythonhosted.org/packages/7e/ad/9c35bdde5bc64d0c73c2dee8edd89cfc799d1edf6498afa4acfdf171624c/time_machine-3.5.0-cp315-cp315-manylinux1_x86_64.manylinux_2_28_x86_64.manylinux_2_5_x86_64.whl", hash = "sha256:435549f1010a1344f032d842d51d2e1d62f7d24bf4108590590b5989ca336da6", size = 57938, upload-time = "2026-08-25T00:18:17.54Z" },
    { url = "https://files.pythonhosted.org/packages/93/99/0f6d87fdd9f63a5caf29b0e0b51b29160f148ce08663730e5436453aa309/time_machine-3.5.0-cp315-cp315-manylinux2014_aarch64.manylinux_2_17_aarch64.manylinux_2_28_aarch64.whl", hash = "sha256:0f137ca62841c1b13d333dbda3e1c20d29c598aa1c0efb051a3301af3281902c", size = 58723, upload-time = "2026-08-25T00:18:18.577Z" },
    { url = "https://files.pythonhosted.org/packages/5d/5b/e911dc4fb4313a0eb99f1ddc9f453adb7951a34d988abc5589426a91174e/time_machine-3.5.0-cp315-cp315-musllinux_1_2_aarch64.whl", hash = "sha256:e9488dc2a733c6b433f4a73ed09aa855512680713a8148580a9471aad1df100d", size = 57398, upload-time = "2026-08-25T00:18:19.661Z" },
    { url = "https://files.pythonhosted.org/packages/0c/37/2c349d5f93c0d35133ff392c0922588b1db55a29aa48cedeb168f7384b4c/time_machine-3.5.0-cp315-cp315-musllinux_1_2_x86_64.whl", hash = "sha256:e9d89725cd7cc1ef6dc0560397fa0e820aecdb9ceb7741b0c60108ea3cc7fc1a", size = 57091, upload-time = "2026-08-25T00:18:20.813Z" },
    { url = "https://files.pythonhosted.org/packages/b3/83/ad06a9ab6bd91cf592a2847aab11d84d8da92f7a441fadb444e951dbb6f5/time_machine-3.5.0-cp315-cp315-win_amd64.whl", hash = "sha256:0bc3328e8b56528284719cab10658ea2d9bd44acbae2dc7f1440348b4a2f1703", size = 27991, upload-time = "2026-08-25T00:18:22.028Z" },
    { url = "https://files.pythonhosted.org/packages/bd/4d/666f6c166b89787792a13c8622f0d22bd7df89de0d3ec1abe304a46657b2/time_machine-3.5.0-cp315-cp315-win_arm64.whl", hash = "sha256:de746c044184d7a00e1af7257d9ff25273cebb6c6c833b1994e55632a2c19276", size = 27175, upload-time = "2026-08-25T00:18:23.057Z" },
    { url = "https://files.pythonhosted.org/packages/3f/94/c319fdd99f9cf9f6a4ed3026bdaf0cc0617de0eca46aed7dc3b6abe2e087/time_machine-3.5.0-cp315-cp315t-macosx_10_15_x86_64.whl", hash = "sha256:0e1a72dcf0acc644209ddf048502229c404ad4e44a4b41ce85045902dc2becbc", size = 26471, upload-time = "2026-08-25T00:18:24.09Z" },
    { url = "https://files.pythonhosted.org/packages/30/14/12acfc2661560d0c5ec134331571b4835cf23a16f2848d2627191303913f/time_machine-3.5.0-cp315-cp315t-macosx_11_0_arm64.whl", hash = "sha256:98c28f9a2f7bd63ade6eeb4e0c2f1bee85862747f9ea5bf59d81584689db19d1", size = 26717, upload-time = "2026-08-25T00:18:25.101Z" },
    { url = "https://files.pythonhosted.org/packages/cd/95/23668168666e6b835caa979848b4addb2176b031ffbe1be3e42401ec699d/time_machine-3.5.0-cp315-cp315t-manylinux1_x86_64.manylinux_2_28_x86_64.manylinux_2_5_x86_64.whl", hash = "sha256:3dce82621d4f8782f2b8893b4152b58dc43254cee1ac69229c36621709b11036", size = 69104, upload-time = "2026-08-25T00:18:26.154Z" },
    { url = "https://files.pythonhosted.org/packages/a7/ef/cec9cf58e5c6b91789b1d6c053fb230391896761fdfed4bd1f0690efe22a/time_machine-3.5.0-cp315-cp315t-manylinux2014_aarch64.manylinux_2_17_aarch64.manylinux_2_28_aarch64.whl", hash = "sha256:bba5d2f7f34aa491521c1d1c13f66802aedc58b10826166753f4b824f8a9c8a3", size = 71339, upload-time = "2026-08-25T00:18:27.391Z" },
    { url = "https://files.pythonhosted.org/packages/7c/d3/41391aa07e6f519b44a5df0c6cb4a0bba05ab22151a1dcbc7dc9c18a028b/time_machine-3.5.0-cp315-cp315t-musllinux_1_2_aarch64.whl", hash = "sha256:b4810f9be2dd8c9484a57e949c3ad23cbb6edf4c0e75ca6a10f5935b7d7c2cd0", size = 69674, upload-time = "2026-08-25T00:18:28.51Z" },
    { url = "https://files.pythonhosted.org/packages/df/e3/f948ca31e142cebbe1efd81d361bcac7e9db4de441a6705fc0e109856f34/time_machine-3.5.0-cp315-cp315t-musllinux_1_2_x86_64.whl", hash = "sha256:2a48f9ff297700a9036d6fc2a597d97ea2a2bbbd735b45a22fee9ebd3b6b7a9f", size = 67650, upload-time = "2026-08-25T00:18:29.54Z" },
    { url = "https://files.pythonhosted.org/packages/a1/83/5ce829078bc46cf521f11d2a4ccefd833788bdeea1991608ae6b935d7ea7/time_machine-3.5.0-cp315-cp315t-win_amd64.whl", hash = "sha256:1c85556427fe4b1b9680492882c681bb3ab99b43543a593e4def7d1bbd9bb53b", size = 29099, upload-time = "2026-08-25T00:18:30.608Z" },
    { url = "https://files.pythonhosted.org/packages/9e/e1/0fda7534a0b3af4f19fc70bcd4b421924427bc0645b7c1255617ae98de69/time_machine-3.5.0-cp315-cp315t-win_arm64.whl", hash = "sha256:a93195067e2ea6d64e17a0ce0b1eed1fa9bd056ace20c6338fe9be532917ca75", size = 27531, upload-time = "2026-08-25T00:18:31.616Z" },
]

[[package]]
name = "tzdata"
version = "2026.3"
source = { registry = "https://pypi.org/simple" }
sdist = { url = "https://files.pythonhosted.org/packages/92/ff/5a28bdfd8c3ebec42564ac7d0e54ca3db65044a9314a97f9564fa7a1e926/tzdata-2026.3.tar.gz", hash = "sha256:4a1518b8993086a7982523e071643f3c0e5f213e75b21318e78bcabfff9d1415", size = 198674, upload-time = "2026-07-10T08:50:37.887Z" }
wheels = [
    { url = "https://files.pythonhosted.org/packages/e5/6d/b53b99a9f2766d095985947a5782f1702cabb129a34f7a802d7197af832f/tzdata-2026.3-py2.py3-none-any.whl", hash = "sha256:dc096730c87af6cab1b171c9d532be840741ff5d459015e7f6947bd7d7e54931", size = 348168, upload-time = "2026-07-10T08:50:36.46Z" },
]
